
Microsoft Visual Studio Solution File, Format Version 12.00
# Visual Studio 15
VisualStudioVersion = 15.0.27428.2015
MinimumVisualStudioVersion = 10.0.40219.1
Project("{9A19103F-16F7-4668-BE54-9A1E7A4F7556}") = "Repository", "Repo\Repository.csproj", "{C108183F-672E-45C9-A857-15D5302CEF9F}"
EndProject
Project("{9A19103F-16F7-4668-BE54-9A1E7A4F7556}") = "Domain", "Domain\Domain.csproj", "{521CFD65-23FB-4FF2-ADA7-AB35D0F31759}"
EndProject
Project("{9A19103F-16F7-4668-BE54-9A1E7A4F7556}") = "Service", "Service\Service.csproj", "{38EA1AFA-E743-444A-9655-76BAB9782F4F}"
EndProject
Project("{9A19103F-16F7-4668-BE54-9A1E7A4F7556}") = "Core", "Core\Core.csproj", "{8FFD79A1-8F2F-43DE-AA7E-FBE205F5E3BF}"
EndProject
Project("{9A19103F-16F7-4668-BE54-9A1E7A4F7556}") = "WebApi", "WebApi\WebApi.csproj", "{82067242-471B-4906-96BA-1D66DE55E859}"
EndProject
Global
	GlobalSection(SolutionConfigurationPlatforms) = preSolution
		Debug|Any CPU = Debug|Any CPU
		Release|Any CPU = Release|Any CPU
	EndGlobalSection
	GlobalSection(ProjectConfigurationPlatforms) = postSolution
		{C108183F-672E-45C9-A857-15D5302CEF9F}.Debug|Any CPU.ActiveCfg = Debug|Any CPU
		{C108183F-672E-45C9-A857-15D5302CEF9F}.Debug|Any CPU.Build.0 = Debug|Any CPU
		{C108183F-672E-45C9-A857-15D5302CEF9F}.Release|Any CPU.ActiveCfg = Release|Any CPU
		{C108183F-672E-45C9-A857-15D5302CEF9F}.Release|Any CPU.Build.0 = Release|Any CPU
		{521CFD65-23FB-4FF2-ADA7-AB35D0F31759}.Debug|Any CPU.ActiveCfg = Debug|Any CPU
		{521CFD65-23FB-4FF2-ADA7-AB35D0F31759}.Debug|Any CPU.Build.0 = Debug|Any CPU
		{521CFD65-23FB-4FF2-ADA7-AB35D0F31759}.Release|Any CPU.ActiveCfg = Release|Any CPU
		{521CFD65-23FB-4FF2-ADA7-AB35D0F31759}.Release|Any CPU.Build.0 = Release|Any CPU
		{38EA1AFA-E743-444A-9655-76BAB9782F4F}.Debug|Any CPU.ActiveCfg = Debug|Any CPU
		{38EA1AFA-E743-444A-9655-76BAB9782F4F}.Debug|Any CPU.Build.0 = Debug|Any CPU
		{38EA1AFA-E743-444A-9655-76BAB9782F4F}.Release|Any CPU.ActiveCfg = Release|Any CPU
		{38EA1AFA-E743-444A-9655-76BAB9782F4F}.Release|Any CPU.Build.0 = Release|Any CPU
		{8FFD79A1-8F2F-43DE-AA7E-FBE205F5E3BF}.Debug|Any CPU.ActiveCfg = Debug|Any CPU
		{8FFD79A1-8F2F-43DE-AA7E-FBE205F5E3BF}.Debug|Any CPU.Build.0 = Debug|Any CPU
		{8FFD79A1-8F2F-43DE-AA7E-FBE205F5E3BF}.Release|Any CPU.ActiveCfg = Release|Any CPU
		{8FFD79A1-8F2F-43DE-AA7E-FBE205F5E3BF}.Release|Any CPU.Build.0 = Release|Any CPU
		{82067242-471B-4906-96BA-1D66DE55E859}.Debug|Any CPU.ActiveCfg = Debug|Any CPU
		{82067242-471B-4906-96BA-1D66DE55E859}.Debug|Any CPU.Build.0 = Debug|Any CPU
		{82067242-471B-4906-96BA-1D66DE55E859}.Release|Any CPU.ActiveCfg = Release|Any CPU
		{82067242-471B-4906-96BA-1D66DE55E859}.Release|Any CPU.Build.0 = Release|Any CPU
	EndGlobalSection
	GlobalSection(SolutionProperties) = preSolution
		HideSolutionNode = FALSE
	EndGlobalSection
	GlobalSection(ExtensibilityGlobals) = postSolution
		SolutionGuid = {997E5D40-D0C9-430B-8287-0C63A1176EB6}
	EndGlobalSection
EndGlobal
